
Microsoft Visual Studio Solution File, Format Version 12.00
# Visual Studio 15
VisualStudioVersion = 15.0.28010.2036
MinimumVisualStudioVersion = 10.0.40219.1
Project("{8BC9CEB8-8B4A-11D0-8D11-00A0C91BC942}") = "ch4_lab2-1", "ch4_lab2-1\ch4_lab2-1.vcxproj", "{EBD633DB-548C-46CB-BF89-959D63123828}"
EndProject
Global
	GlobalSection(SolutionConfigurationPlatforms) = preSolution
		Debug|x64 = Debug|x64
		Debug|x86 = Debug|x86
		Release|x64 = Release|x64
		Release|x86 = Release|x86
	EndGlobalSection
	GlobalSection(ProjectConfigurationPlatforms) = postSolution
		{EBD633DB-548C-46CB-BF89-959D63123828}.Debug|x64.ActiveCfg = Debug|x64
		{EBD633DB-548C-46CB-BF89-959D63123828}.Debug|x64.Build.0 = Debug|x64
		{EBD633DB-548C-46CB-BF89-959D63123828}.Debug|x86.ActiveCfg = Debug|Win32
		{EBD633DB-548C-46CB-BF89-959D63123828}.Debug|x86.Build.0 = Debug|Win32
		{EBD633DB-548C-46CB-BF89-959D63123828}.Release|x64.ActiveCfg = Release|x64
		{EBD633DB-548C-46CB-BF89-959D63123828}.Release|x64.Build.0 = Release|x64
		{EBD633DB-548C-46CB-BF89-959D63123828}.Release|x86.ActiveCfg = Release|Win32
		{EBD633DB-548C-46CB-BF89-959D63123828}.Release|x86.Build.0 = Release|Win32
	EndGlobalSection
	GlobalSection(SolutionProperties) = preSolution
		HideSolutionNode = FALSE
	EndGlobalSection
	GlobalSection(ExtensibilityGlobals) = postSolution
		SolutionGuid = {D7128F31-4BF9-43DE-AC74-53C28F9D4B17}
	EndGlobalSection
EndGlobal
